// !$*UTF8*$!
{
	archiveVersion = 1;
	classes = {
	};
	objectVersion = 50;
	objects = {

/* Begin PBXBuildFile section */
		2BB9E75C26AB605700112651 /* AppDelegate.swift in Sources */ = {isa = PBXBuildFile; fileRef = 2BB9E75B26AB605700112651 /* AppDelegate.swift */; };
		2BB9E75E26AB605700112651 /* SceneDelegate.swift in Sources */ = {isa = PBXBuildFile; fileRef = 2BB9E75D26AB605700112651 /* SceneDelegate.swift */; };
		2BB9E76526AB605900112651 /* Assets.xcassets in Resources */ = {isa = PBXBuildFile; fileRef = 2BB9E76426AB605900112651 /* Assets.xcassets */; };
		2BB9E76826AB605900112651 /* LaunchScreen.storyboard in Resources */ = {isa = PBXBuildFile; fileRef = 2BB9E76626AB605900112651 /* LaunchScreen.storyboard */; };
		2BB9F29126ADFAF100F43852 /* Data.swift in Sources */ = {isa = PBXBuildFile; fileRef = 2BB9F29026ADFAF100F43852 /* Data.swift */; };
		2BB9F29526AE01A300F43852 /* s1-title.txt in Resources */ = {isa = PBXBuildFile; fileRef = 2BB9F29426AE01A300F43852 /* s1-title.txt */; };
		2BB9F29726AE01B800F43852 /* s1-text.txt in Resources */ = {isa = PBXBuildFile; fileRef = 2BB9F29626AE01B800F43852 /* s1-text.txt */; };
		2BB9F2EC26AF1F6200F43852 /* story-1-path.swift in Sources */ = {isa = PBXBuildFile; fileRef = 2BB9F2EB26AF1F6200F43852 /* story-1-path.swift */; };
		2BB9F2FE26AF556600F43852 /* s2-title.txt in Resources */ = {isa = PBXBuildFile; fileRef = 2BB9F2FD26AF556600F43852 /* s2-title.txt */; };
		2BB9F30126AF557E00F43852 /* story-2-path.swift in Sources */ = {isa = PBXBuildFile; fileRef = 2BB9F30026AF557E00F43852 /* story-2-path.swift */; };
		2BB9F30226AF57B500F43852 /* s2-text.txt in Resources */ = {isa = PBXBuildFile; fileRef = 2BB9F2FF26AF556C00F43852 /* s2-text.txt */; };
		2BB9F30726AF5D9D00F43852 /* s3-text.txt in Resources */ = {isa = PBXBuildFile; fileRef = 2BB9F30626AF5D9D00F43852 /* s3-text.txt */; };
		2BB9F30926AF5DAF00F43852 /* s3-title.txt in Resources */ = {isa = PBXBuildFile; fileRef = 2BB9F30826AF5DAF00F43852 /* s3-title.txt */; };
		2BB9F30B26AF5EEC00F43852 /* story-3-path.swift in Sources */ = {isa = PBXBuildFile; fileRef = 2BB9F30A26AF5EEC00F43852 /* story-3-path.swift */; };
		2BB9F30E26AF5FA900F43852 /* story-4-path.swift in Sources */ = {isa = PBXBuildFile; fileRef = 2BB9F30D26AF5FA900F43852 /* story-4-path.swift */; };
		2BB9F31026AF5FB300F43852 /* s4-text.txt in Resources */ = {isa = PBXBuildFile; fileRef = 2BB9F30F26AF5FB300F43852 /* s4-text.txt */; };
		2BB9F31226AF5FBE00F43852 /* s4-title.txt in Resources */ = {isa = PBXBuildFile; fileRef = 2BB9F31126AF5FBE00F43852 /* s4-title.txt */; };
		DC01550C26BB171100E10802 /* UIFont+Extension.swift in Sources */ = {isa = PBXBuildFile; fileRef = DC01550B26BB171100E10802 /* UIFont+Extension.swift */; };
		DC18FFB226C97079007C11A6 /* ItemsDetailViewController.swift in Sources */ = {isa = PBXBuildFile; fileRef = DC18FFB126C97079007C11A6 /* ItemsDetailViewController.swift */; };
		DC18FFB526C97624007C11A6 /* StoryViewController.swift in Sources */ = {isa = PBXBuildFile; fileRef = DC18FFB426C97624007C11A6 /* StoryViewController.swift */; };
		DC18FFB726C97AD0007C11A6 /* CustomTypeLabel.swift in Sources */ = {isa = PBXBuildFile; fileRef = DC18FFB626C97AD0007C11A6 /* CustomTypeLabel.swift */; };
		DC1FDA5D26B5A3FE00DAB585 /* CustomStackView.swift in Sources */ = {isa = PBXBuildFile; fileRef = DC1FDA5C26B5A3FE00DAB585 /* CustomStackView.swift */; };
		DC1FDA6026B5A6B100DAB585 /* TabBarController.swift in Sources */ = {isa = PBXBuildFile; fileRef = DC1FDA5F26B5A6B100DAB585 /* TabBarController.swift */; };
		DC1FDA6526B5A9CB00DAB585 /* BaseUITableViewCell.swift in Sources */ = {isa = PBXBuildFile; fileRef = DC1FDA6426B5A9CB00DAB585 /* BaseUITableViewCell.swift */; };
		DC1FDA6726B5A9CF00DAB585 /* BaseUICollectionViewCell.swift in Sources */ = {isa = PBXBuildFile; fileRef = DC1FDA6626B5A9CF00DAB585 /* BaseUICollectionViewCell.swift */; };
		DC50941D26B5325600B03A3D /* GalleryViewController.swift in Sources */ = {isa = PBXBuildFile; fileRef = DC50941C26B5325600B03A3D /* GalleryViewController.swift */; };
		DC50941F26B5329D00B03A3D /* PresentViewController.swift in Sources */ = {isa = PBXBuildFile; fileRef = DC50941E26B5329D00B03A3D /* PresentViewController.swift */; };
		DC50942626B552DB00B03A3D /* CustomImageViewGradient.swift in Sources */ = {isa = PBXBuildFile; fileRef = DC50942526B552DB00B03A3D /* CustomImageViewGradient.swift */; };
		DC7DFA7A26B45A96005F512F /* ItemsCollectionCell.swift in Sources */ = {isa = PBXBuildFile; fileRef = DC7DFA7926B45A96005F512F /* ItemsCollectionCell.swift */; };
		DC7DFA7C26B45EA0005F512F /* UIView+Extension.swift in Sources */ = {isa = PBXBuildFile; fileRef = DC7DFA7B26B45EA0005F512F /* UIView+Extension.swift */; };
		DC91A69326B9C2170004918C /* s5-text.txt in Resources */ = {isa = PBXBuildFile; fileRef = DC91A69226B9C2170004918C /* s5-text.txt */; };
		DC91A69526B9C23D0004918C /* s5-title.txt in Resources */ = {isa = PBXBuildFile; fileRef = DC91A69426B9C23D0004918C /* s5-title.txt */; };
		DC91A69726B9C25A0004918C /* story-5-path.swift in Sources */ = {isa = PBXBuildFile; fileRef = DC91A69626B9C25A0004918C /* story-5-path.swift */; };
		DC91A69A26B9CACF0004918C /* s6-text.txt in Resources */ = {isa = PBXBuildFile; fileRef = DC91A69926B9CACF0004918C /* s6-text.txt */; };
		DC91A69C26B9CAED0004918C /* s6-title.txt in Resources */ = {isa = PBXBuildFile; fileRef = DC91A69B26B9CAED0004918C /* s6-title.txt */; };
		DC91A69E26B9CB390004918C /* story-6-path.swift in Sources */ = {isa = PBXBuildFile; fileRef = DC91A69D26B9CB390004918C /* story-6-path.swift */; };
		DCACC1B426B6D61700E54BFE /* RSSettingsColorViewController.m in Sources */ = {isa = PBXBuildFile; fileRef = DCACC1B326B6D61700E54BFE /* RSSettingsColorViewController.m */; };
		DCACC1B626B6D6C500E54BFE /* colors.json in Resources */ = {isa = PBXBuildFile; fileRef = DCACC1B526B6D6C500E54BFE /* colors.json */; };
		DCACC1BA26B6D77900E54BFE /* ColorsModel.m in Sources */ = {isa = PBXBuildFile; fileRef = DCACC1B926B6D77900E54BFE /* ColorsModel.m */; };
		DCBDC1E226B2FA6D00FB0B96 /* ItemsViewController.swift in Sources */ = {isa = PBXBuildFile; fileRef = DCBDC1E126B2FA6D00FB0B96 /* ItemsViewController.swift */; };
		DCBDC1E626B2FC3D00FB0B96 /* BaseViewController.swift in Sources */ = {isa = PBXBuildFile; fileRef = DCBDC1E526B2FC3D00FB0B96 /* BaseViewController.swift */; };
		DCBDC20A26B2FD5600FB0B96 /* String+Extension.swift in Sources */ = {isa = PBXBuildFile; fileRef = DCBDC1F126B2FD5600FB0B96 /* String+Extension.swift */; };
		DCBDC20B26B2FD5600FB0B96 /* UIButton+Extension .swift in Sources */ = {isa = PBXBuildFile; fileRef = DCBDC1F226B2FD5600FB0B96 /* UIButton+Extension .swift */; };
		DCBDC20C26B2FD5600FB0B96 /* UICollectionView+Extension.swift in Sources */ = {isa = PBXBuildFile; fileRef = DCBDC1F326B2FD5600FB0B96 /* UICollectionView+Extension.swift */; };
		DCBDC21026B2FD5600FB0B96 /* UILabel+Extension.swift in Sources */ = {isa = PBXBuildFile; fileRef = DCBDC1F726B2FD5600FB0B96 /* UILabel+Extension.swift */; };
		DCBDC21326B2FD5600FB0B96 /* UITableView+Extension.swift in Sources */ = {isa = PBXBuildFile; fileRef = DCBDC1FA26B2FD5600FB0B96 /* UITableView+Extension.swift */; };
		DCBDC21726B2FD5600FB0B96 /* UIViewController.swift in Sources */ = {isa = PBXBuildFile; fileRef = DCBDC1FE26B2FD5600FB0B96 /* UIViewController.swift */; };
		DCBDC21B26B2FD7400FB0B96 /* ReusableView.swift in Sources */ = {isa = PBXBuildFile; fileRef = DCBDC21A26B2FD7400FB0B96 /* ReusableView.swift */; };
		DCC8799526B69BF1009772DE /* Typealias.swift in Sources */ = {isa = PBXBuildFile; fileRef = DCC8799426B69BF1009772DE /* Typealias.swift */; };
		DCC8799826B69CCF009772DE /* ImageViewerViewController.swift in Sources */ = {isa = PBXBuildFile; fileRef = DCC8799726B69CCF009772DE /* ImageViewerViewController.swift */; };
		DCC8799B26B69DE1009772DE /* ImageViewerCell.swift in Sources */ = {isa = PBXBuildFile; fileRef = DCC8799A26B69DE1009772DE /* ImageViewerCell.swift */; };
		DCC8799D26B6A88B009772DE /* StoryCollectionCell.swift in Sources */ = {isa = PBXBuildFile; fileRef = DCC8799C26B6A88B009772DE /* StoryCollectionCell.swift */; };
		DCC879A226B6C3BA009772DE /* RSSettingsViewController.m in Sources */ = {isa = PBXBuildFile; fileRef = DCC879A126B6C3BA009772DE /* RSSettingsViewController.m */; };
		DCC879A726B6CECE009772DE /* RSSubtitleTableViewCell.m in Sources */ = {isa = PBXBuildFile; fileRef = DCC879A626B6CECE009772DE /* RSSubtitleTableViewCell.m */; };
		DCC879AA26B6D302009772DE /* UIColor+HEX.m in Sources */ = {isa = PBXBuildFile; fileRef = DCC879A926B6D302009772DE /* UIColor+HEX.m */; };
/* End PBXBuildFile section */

/* Begin PBXFileReference section */
		2BB9E75826AB605700112651 /* RSSchool_T9.app */ = {isa = PBXFileReference; explicitFileType = wrapper.application; includeInIndex = 0; path = RSSchool_T9.app; sourceTree = BUILT_PRODUCTS_DIR; };
		2BB9E75B26AB605700112651 /* AppDelegate.swift */ = {isa = PBXFileReference; lastKnownFileType = sourcecode.swift; path = AppDelegate.swift; sourceTree = "<group>"; };
		2BB9E75D26AB605700112651 /* SceneDelegate.swift */ = {isa = PBXFileReference; lastKnownFileType = sourcecode.swift; path = SceneDelegate.swift; sourceTree = "<group>"; };
		2BB9E76426AB605900112651 /* Assets.xcassets */ = {isa = PBXFileReference; lastKnownFileType = folder.assetcatalog; path = Assets.xcassets; sourceTree = "<group>"; };
		2BB9E76726AB605900112651 /* Base */ = {isa = PBXFileReference; lastKnownFileType = file.storyboard; name = Base; path = Base.lproj/LaunchScreen.storyboard; sourceTree = "<group>"; };
		2BB9E76926AB605900112651 /* Info.plist */ = {isa = PBXFileReference; lastKnownFileType = text.plist.xml; path = Info.plist; sourceTree = "<group>"; };
		2BB9F29026ADFAF100F43852 /* Data.swift */ = {isa = PBXFileReference; lastKnownFileType = sourcecode.swift; path = Data.swift; sourceTree = "<group>"; };
		2BB9F29426AE01A300F43852 /* s1-title.txt */ = {isa = PBXFileReference; lastKnownFileType = text; path = "s1-title.txt"; sourceTree = "<group>"; };
		2BB9F29626AE01B800F43852 /* s1-text.txt */ = {isa = PBXFileReference; lastKnownFileType = text; path = "s1-text.txt"; sourceTree = "<group>"; };
		2BB9F2EB26AF1F6200F43852 /* story-1-path.swift */ = {isa = PBXFileReference; lastKnownFileType = sourcecode.swift; path = "story-1-path.swift"; sourceTree = "<group>"; };
		2BB9F2FD26AF556600F43852 /* s2-title.txt */ = {isa = PBXFileReference; lastKnownFileType = text; path = "s2-title.txt"; sourceTree = "<group>"; };
		2BB9F2FF26AF556C00F43852 /* s2-text.txt */ = {isa = PBXFileReference; lastKnownFileType = text; path = "s2-text.txt"; sourceTree = "<group>"; };
		2BB9F30026AF557E00F43852 /* story-2-path.swift */ = {isa = PBXFileReference; lastKnownFileType = sourcecode.swift; path = "story-2-path.swift"; sourceTree = "<group>"; };
		2BB9F30626AF5D9D00F43852 /* s3-text.txt */ = {isa = PBXFileReference; lastKnownFileType = text; path = "s3-text.txt"; sourceTree = "<group>"; };
		2BB9F30826AF5DAF00F43852 /* s3-title.txt */ = {isa = PBXFileReference; lastKnownFileType = text; path = "s3-title.txt"; sourceTree = "<group>"; };
		2BB9F30A26AF5EEC00F43852 /* story-3-path.swift */ = {isa = PBXFileReference; lastKnownFileType = sourcecode.swift; path = "story-3-path.swift"; sourceTree = "<group>"; };
		2BB9F30D26AF5FA900F43852 /* story-4-path.swift */ = {isa = PBXFileReference; lastKnownFileType = sourcecode.swift; path = "story-4-path.swift"; sourceTree = "<group>"; };
		2BB9F30F26AF5FB300F43852 /* s4-text.txt */ = {isa = PBXFileReference; lastKnownFileType = text; path = "s4-text.txt"; sourceTree = "<group>"; };
		2BB9F31126AF5FBE00F43852 /* s4-title.txt */ = {isa = PBXFileReference; lastKnownFileType = text; path = "s4-title.txt"; sourceTree = "<group>"; };
		DC01550B26BB171100E10802 /* UIFont+Extension.swift */ = {isa = PBXFileReference; lastKnownFileType = sourcecode.swift; path = "UIFont+Extension.swift"; sourceTree = "<group>"; };
		DC18FFB126C97079007C11A6 /* ItemsDetailViewController.swift */ = {isa = PBXFileReference; lastKnownFileType = sourcecode.swift; path = ItemsDetailViewController.swift; sourceTree = "<group>"; };
		DC18FFB426C97624007C11A6 /* StoryViewController.swift */ = {isa = PBXFileReference; lastKnownFileType = sourcecode.swift; name = StoryViewController.swift; path = RSSchool_T9/Sources/Screens/Gallery/StoryViewController.swift; sourceTree = SOURCE_ROOT; };
		DC18FFB626C97AD0007C11A6 /* CustomTypeLabel.swift */ = {isa = PBXFileReference; lastKnownFileType = sourcecode.swift; path = CustomTypeLabel.swift; sourceTree = "<group>"; };
		DC1FDA5C26B5A3FE00DAB585 /* CustomStackView.swift */ = {isa = PBXFileReference; fileEncoding = 4; lastKnownFileType = sourcecode.swift; path = CustomStackView.swift; sourceTree = "<group>"; };
		DC1FDA5F26B5A6B100DAB585 /* TabBarController.swift */ = {isa = PBXFileReference; lastKnownFileType = sourcecode.swift; path = TabBarController.swift; sourceTree = "<group>"; };
		DC1FDA6426B5A9CB00DAB585 /* BaseUITableViewCell.swift */ = {isa = PBXFileReference; fileEncoding = 4; lastKnownFileType = sourcecode.swift; path = BaseUITableViewCell.swift; sourceTree = "<group>"; };
		DC1FDA6626B5A9CF00DAB585 /* BaseUICollectionViewCell.swift */ = {isa = PBXFileReference; fileEncoding = 4; lastKnownFileType = sourcecode.swift; path = BaseUICollectionViewCell.swift; sourceTree = "<group>"; };
		DC50941C26B5325600B03A3D /* GalleryViewController.swift */ = {isa = PBXFileReference; lastKnownFileType = sourcecode.swift; path = GalleryViewController.swift; sourceTree = "<group>"; };
		DC50941E26B5329D00B03A3D /* PresentViewController.swift */ = {isa = PBXFileReference; fileEncoding = 4; lastKnownFileType = sourcecode.swift; path = PresentViewController.swift; sourceTree = "<group>"; };
		DC50942526B552DB00B03A3D /* CustomImageViewGradient.swift */ = {isa = PBXFileReference; lastKnownFileType = sourcecode.swift; path = CustomImageViewGradient.swift; sourceTree = "<group>"; };
		DC7DFA7926B45A96005F512F /* ItemsCollectionCell.swift */ = {isa = PBXFileReference; lastKnownFileType = sourcecode.swift; path = ItemsCollectionCell.swift; sourceTree = "<group>"; };
		DC7DFA7B26B45EA0005F512F /* UIView+Extension.swift */ = {isa = PBXFileReference; fileEncoding = 4; lastKnownFileType = sourcecode.swift; path = "UIView+Extension.swift"; sourceTree = "<group>"; };
		DC91A69226B9C2170004918C /* s5-text.txt */ = {isa = PBXFileReference; lastKnownFileType = text; path = "s5-text.txt"; sourceTree = "<group>"; };
		DC91A69426B9C23D0004918C /* s5-title.txt */ = {isa = PBXFileReference; lastKnownFileType = text; path = "s5-title.txt"; sourceTree = "<group>"; };
		DC91A69626B9C25A0004918C /* story-5-path.swift */ = {isa = PBXFileReference; lastKnownFileType = sourcecode.swift; path = "story-5-path.swift"; sourceTree = "<group>"; };
		DC91A69926B9CACF0004918C /* s6-text.txt */ = {isa = PBXFileReference; lastKnownFileType = text; path = "s6-text.txt"; sourceTree = "<group>"; };
		DC91A69B26B9CAED0004918C /* s6-title.txt */ = {isa = PBXFileReference; lastKnownFileType = text; path = "s6-title.txt"; sourceTree = "<group>"; };
		DC91A69D26B9CB390004918C /* story-6-path.swift */ = {isa = PBXFileReference; lastKnownFileType = sourcecode.swift; path = "story-6-path.swift"; sourceTree = "<group>"; };
		DCACC1B226B6D61700E54BFE /* RSSettingsColorViewController.h */ = {isa = PBXFileReference; lastKnownFileType = sourcecode.c.h; path = RSSettingsColorViewController.h; sourceTree = "<group>"; };
		DCACC1B326B6D61700E54BFE /* RSSettingsColorViewController.m */ = {isa = PBXFileReference; lastKnownFileType = sourcecode.c.objc; path = RSSettingsColorViewController.m; sourceTree = "<group>"; };
		DCACC1B526B6D6C500E54BFE /* colors.json */ = {isa = PBXFileReference; fileEncoding = 4; lastKnownFileType = text.json; path = colors.json; sourceTree = "<group>"; };
		DCACC1B826B6D77500E54BFE /* ColorsModel.h */ = {isa = PBXFileReference; fileEncoding = 4; lastKnownFileType = sourcecode.c.h; path = ColorsModel.h; sourceTree = "<group>"; };
		DCACC1B926B6D77900E54BFE /* ColorsModel.m */ = {isa = PBXFileReference; fileEncoding = 4; lastKnownFileType = sourcecode.c.objc; path = ColorsModel.m; sourceTree = "<group>"; };
		DCBDC1E126B2FA6D00FB0B96 /* ItemsViewController.swift */ = {isa = PBXFileReference; lastKnownFileType = sourcecode.swift; path = ItemsViewController.swift; sourceTree = "<group>"; };
		DCBDC1E526B2FC3D00FB0B96 /* BaseViewController.swift */ = {isa = PBXFileReference; lastKnownFileType = sourcecode.swift; path = BaseViewController.swift; sourceTree = "<group>"; };
		DCBDC1F126B2FD5600FB0B96 /* String+Extension.swift */ = {isa = PBXFileReference; fileEncoding = 4; lastKnownFileType = sourcecode.swift; path = "String+Extension.swift"; sourceTree = "<group>"; };
		DCBDC1F226B2FD5600FB0B96 /* UIButton+Extension .swift */ = {isa = PBXFileReference; fileEncoding = 4; lastKnownFileType = sourcecode.swift; path = "UIButton+Extension .swift"; sourceTree = "<group>"; };
		DCBDC1F326B2FD5600FB0B96 /* UICollectionView+Extension.swift */ = {isa = PBXFileReference; fileEncoding = 4; lastKnownFileType = sourcecode.swift; path = "UICollectionView+Extension.swift"; sourceTree = "<group>"; };
		DCBDC1F726B2FD5600FB0B96 /* UILabel+Extension.swift */ = {isa = PBXFileReference; fileEncoding = 4; lastKnownFileType = sourcecode.swift; path = "UILabel+Extension.swift"; sourceTree = "<group>"; };
		DCBDC1FA26B2FD5600FB0B96 /* UITableView+Extension.swift */ = {isa = PBXFileReference; fileEncoding = 4; lastKnownFileType = sourcecode.swift; path = "UITableView+Extension.swift"; sourceTree = "<group>"; };
		DCBDC1FE26B2FD5600FB0B96 /* UIViewController.swift */ = {isa = PBXFileReference; fileEncoding = 4; lastKnownFileType = sourcecode.swift; path = UIViewController.swift; sourceTree = "<group>"; };
		DCBDC21A26B2FD7400FB0B96 /* ReusableView.swift */ = {isa = PBXFileReference; fileEncoding = 4; lastKnownFileType = sourcecode.swift; path = ReusableView.swift; sourceTree = "<group>"; };
		DCC8799426B69BF1009772DE /* Typealias.swift */ = {isa = PBXFileReference; fileEncoding = 4; lastKnownFileType = sourcecode.swift; path = Typealias.swift; sourceTree = "<group>"; };
		DCC8799726B69CCF009772DE /* ImageViewerViewController.swift */ = {isa = PBXFileReference; fileEncoding = 4; lastKnownFileType = sourcecode.swift; path = ImageViewerViewController.swift; sourceTree = "<group>"; };
		DCC8799A26B69DE1009772DE /* ImageViewerCell.swift */ = {isa = PBXFileReference; fileEncoding = 4; lastKnownFileType = sourcecode.swift; path = ImageViewerCell.swift; sourceTree = "<group>"; };
		DCC8799C26B6A88B009772DE /* StoryCollectionCell.swift */ = {isa = PBXFileReference; lastKnownFileType = sourcecode.swift; path = StoryCollectionCell.swift; sourceTree = "<group>"; };
		DCC8799F26B6C3BA009772DE /* RSSchool_T9-Bridging-Header.h */ = {isa = PBXFileReference; lastKnownFileType = sourcecode.c.h; path = "RSSchool_T9-Bridging-Header.h"; sourceTree = "<group>"; };
		DCC879A026B6C3BA009772DE /* RSSettingsViewController.h */ = {isa = PBXFileReference; lastKnownFileType = sourcecode.c.h; path = RSSettingsViewController.h; sourceTree = "<group>"; };
		DCC879A126B6C3BA009772DE /* RSSettingsViewController.m */ = {isa = PBXFileReference; lastKnownFileType = sourcecode.c.objc; path = RSSettingsViewController.m; sourceTree = "<group>"; };
		DCC879A526B6CECE009772DE /* RSSubtitleTableViewCell.h */ = {isa = PBXFileReference; lastKnownFileType = sourcecode.c.h; path = RSSubtitleTableViewCell.h; sourceTree = "<group>"; };
		DCC879A626B6CECE009772DE /* RSSubtitleTableViewCell.m */ = {isa = PBXFileReference; lastKnownFileType = sourcecode.c.objc; path = RSSubtitleTableViewCell.m; sourceTree = "<group>"; };
		DCC879A826B6D2FF009772DE /* UIColor+HEX.h */ = {isa = PBXFileReference; fileEncoding = 4; lastKnownFileType = sourcecode.c.h; path = "UIColor+HEX.h"; sourceTree = "<group>"; };
		DCC879A926B6D302009772DE /* UIColor+HEX.m */ = {isa = PBXFileReference; fileEncoding = 4; lastKnownFileType = sourcecode.c.objc; path = "UIColor+HEX.m"; sourceTree = "<group>"; };
/* End PBXFileReference section */

/* Begin PBXFrameworksBuildPhase section */
		2BB9E75526AB605700112651 /* Frameworks */ = {
			isa = PBXFrameworksBuildPhase;
			buildActionMask = 2147483647;
			files = (
			);
			runOnlyForDeploymentPostprocessing = 0;
		};
/* End PBXFrameworksBuildPhase section */

/* Begin PBXGroup section */
		2BB9E74F26AB605700112651 = {
			isa = PBXGroup;
			children = (
				2BB9E75A26AB605700112651 /* RSSchool_T9 */,
				2BB9E75926AB605700112651 /* Products */,
			);
			sourceTree = "<group>";
		};
		2BB9E75926AB605700112651 /* Products */ = {
			isa = PBXGroup;
			children = (
				2BB9E75826AB605700112651 /* RSSchool_T9.app */,
			);
			name = Products;
			sourceTree = "<group>";
		};
		2BB9E75A26AB605700112651 /* RSSchool_T9 */ = {
			isa = PBXGroup;
			children = (
				DCBDC1DC26B2F9F400FB0B96 /* Sources */,
				DCBDC1DE26B2FA0F00FB0B96 /* Resources */,
			);
			path = RSSchool_T9;
			sourceTree = "<group>";
		};
		2BB9F28F26ADFAEB00F43852 /* Data */ = {
			isa = PBXGroup;
			children = (
				2BB9F29226AE017D00F43852 /* Static */,
				2BB9F29026ADFAF100F43852 /* Data.swift */,
			);
			path = Data;
			sourceTree = "<group>";
		};
		2BB9F29226AE017D00F43852 /* Static */ = {
			isa = PBXGroup;
			children = (
				DC91A69826B9CAB30004918C /* sroty-6 */,
				DC91A69126B9C1D50004918C /* story-5 */,
				2BB9F30C26AF5F9C00F43852 /* story-4 */,
				2BB9F30326AF5D7E00F43852 /* story-3 */,
				2BB9F2FC26AF554C00F43852 /* story-2 */,
				2BB9F29326AE018200F43852 /* story-1 */,
			);
			path = Static;
			sourceTree = "<group>";
		};
		2BB9F29326AE018200F43852 /* story-1 */ = {
			isa = PBXGroup;
			children = (
				2BB9F29426AE01A300F43852 /* s1-title.txt */,
				2BB9F29626AE01B800F43852 /* s1-text.txt */,
				2BB9F2EB26AF1F6200F43852 /* story-1-path.swift */,
			);
			path = "story-1";
			sourceTree = "<group>";
		};
		2BB9F2FC26AF554C00F43852 /* story-2 */ = {
			isa = PBXGroup;
			children = (
				2BB9F2FF26AF556C00F43852 /* s2-text.txt */,
				2BB9F2FD26AF556600F43852 /* s2-title.txt */,
				2BB9F30026AF557E00F43852 /* story-2-path.swift */,
			);
			path = "story-2";
			sourceTree = "<group>";
		};
		2BB9F30326AF5D7E00F43852 /* story-3 */ = {
			isa = PBXGroup;
			children = (
				2BB9F30626AF5D9D00F43852 /* s3-text.txt */,
				2BB9F30826AF5DAF00F43852 /* s3-title.txt */,
				2BB9F30A26AF5EEC00F43852 /* story-3-path.swift */,
			);
			path = "story-3";
			sourceTree = "<group>";
		};
		2BB9F30C26AF5F9C00F43852 /* story-4 */ = {
			isa = PBXGroup;
			children = (
				2BB9F30D26AF5FA900F43852 /* story-4-path.swift */,
				2BB9F30F26AF5FB300F43852 /* s4-text.txt */,
				2BB9F31126AF5FBE00F43852 /* s4-title.txt */,
			);
			path = "story-4";
			sourceTree = "<group>";
		};
		DC01EA6C26CA3E1900B0E8E0 /* Modul Items */ = {
			isa = PBXGroup;
			children = (
				DC18FFB326C97612007C11A6 /* Story */,
				DC50941B26B5323400B03A3D /* Gallery */,
				DCC8799626B69CB2009772DE /* Image Viewer */,
				DCBDC1E026B2FA4700FB0B96 /* Items */,
			);
			path = "Modul Items";
			sourceTree = "<group>";
		};
		DC01EA6D26CA3E2900B0E8E0 /* Modul Settings */ = {
			isa = PBXGroup;
			children = (
				DCACC1B126B6D5EB00E54BFE /* Settings Color */,
				DCC8799E26B6C355009772DE /* Settings */,
			);
			path = "Modul Settings";
			sourceTree = "<group>";
		};
		DC18FFB326C97612007C11A6 /* Story */ = {
			isa = PBXGroup;
			children = (
				DC18FFB426C97624007C11A6 /* StoryViewController.swift */,
			);
			path = Story;
			sourceTree = "<group>";
		};
		DC1FDA5E26B5A69600DAB585 /* TabBar */ = {
			isa = PBXGroup;
			children = (
				DC1FDA5F26B5A6B100DAB585 /* TabBarController.swift */,
			);
			path = TabBar;
			sourceTree = "<group>";
		};
		DC1FDA6126B5A90600DAB585 /* Cell */ = {
			isa = PBXGroup;
			children = (
				DCC8799C26B6A88B009772DE /* StoryCollectionCell.swift */,
			);
			path = Cell;
			sourceTree = "<group>";
		};
		DC50941B26B5323400B03A3D /* Gallery */ = {
			isa = PBXGroup;
			children = (
				DC1FDA6126B5A90600DAB585 /* Cell */,
				DC50941C26B5325600B03A3D /* GalleryViewController.swift */,
			);
			path = Gallery;
			sourceTree = "<group>";
		};
		DC50942426B552CE00B03A3D /* Custom View */ = {
			isa = PBXGroup;
			children = (
				DC1FDA5C26B5A3FE00DAB585 /* CustomStackView.swift */,
				DC50942526B552DB00B03A3D /* CustomImageViewGradient.swift */,
				DC18FFB626C97AD0007C11A6 /* CustomTypeLabel.swift */,
			);
			path = "Custom View";
			sourceTree = "<group>";
		};
		DC7DFA7826B45A83005F512F /* Cell */ = {
			isa = PBXGroup;
			children = (
				DC7DFA7926B45A96005F512F /* ItemsCollectionCell.swift */,
			);
			path = Cell;
			sourceTree = "<group>";
		};
		DC91A69126B9C1D50004918C /* story-5 */ = {
			isa = PBXGroup;
			children = (
				DC91A69626B9C25A0004918C /* story-5-path.swift */,
				DC91A69226B9C2170004918C /* s5-text.txt */,
				DC91A69426B9C23D0004918C /* s5-title.txt */,
			);
			path = "story-5";
			sourceTree = "<group>";
		};
		DC91A69826B9CAB30004918C /* sroty-6 */ = {
			isa = PBXGroup;
			children = (
				DC91A69926B9CACF0004918C /* s6-text.txt */,
				DC91A69B26B9CAED0004918C /* s6-title.txt */,
				DC91A69D26B9CB390004918C /* story-6-path.swift */,
			);
			path = "sroty-6";
			sourceTree = "<group>";
		};
		DCACC1B126B6D5EB00E54BFE /* Settings Color */ = {
			isa = PBXGroup;
			children = (
				DCACC1B226B6D61700E54BFE /* RSSettingsColorViewController.h */,
				DCACC1B326B6D61700E54BFE /* RSSettingsColorViewController.m */,
			);
			path = "Settings Color";
			sourceTree = "<group>";
		};
		DCACC1B726B6D76D00E54BFE /* Model */ = {
			isa = PBXGroup;
			children = (
				DCACC1B926B6D77900E54BFE /* ColorsModel.m */,
				DCACC1B826B6D77500E54BFE /* ColorsModel.h */,
			);
			path = Model;
			sourceTree = "<group>";
		};
		DCBDC1DC26B2F9F400FB0B96 /* Sources */ = {
			isa = PBXGroup;
			children = (
				DCACC1B726B6D76D00E54BFE /* Model */,
				DC50942426B552CE00B03A3D /* Custom View */,
				DCBDC1DD26B2F9FF00FB0B96 /* Application */,
				DCBDC1E726B2FD5600FB0B96 /* Extensions */,
				DCBDC1E326B2FC1F00FB0B96 /* Helper */,
				2BB9F28F26ADFAEB00F43852 /* Data */,
				DCBDC1DF26B2FA2E00FB0B96 /* Screens */,
			);
			path = Sources;
			sourceTree = "<group>";
		};
		DCBDC1DD26B2F9FF00FB0B96 /* Application */ = {
			isa = PBXGroup;
			children = (
				2BB9E75B26AB605700112651 /* AppDelegate.swift */,
				2BB9E75D26AB605700112651 /* SceneDelegate.swift */,
			);
			path = Application;
			sourceTree = "<group>";
		};
		DCBDC1DE26B2FA0F00FB0B96 /* Resources */ = {
			isa = PBXGroup;
			children = (
				DCACC1B526B6D6C500E54BFE /* colors.json */,
				2BB9E76426AB605900112651 /* Assets.xcassets */,
				2BB9E76626AB605900112651 /* LaunchScreen.storyboard */,
				2BB9E76926AB605900112651 /* Info.plist */,
			);
			path = Resources;
			sourceTree = "<group>";
		};
		DCBDC1DF26B2FA2E00FB0B96 /* Screens */ = {
			isa = PBXGroup;
			children = (
				DC01EA6C26CA3E1900B0E8E0 /* Modul Items */,
				DC01EA6D26CA3E2900B0E8E0 /* Modul Settings */,
				DC1FDA5E26B5A69600DAB585 /* TabBar */,
				DCBDC1E426B2FC2B00FB0B96 /* Base  */,
				DC18FFB126C97079007C11A6 /* ItemsDetailViewController.swift */,
			);
			path = Screens;
			sourceTree = "<group>";
		};
		DCBDC1E026B2FA4700FB0B96 /* Items */ = {
			isa = PBXGroup;
			children = (
				DC7DFA7826B45A83005F512F /* Cell */,
				DCBDC1E126B2FA6D00FB0B96 /* ItemsViewController.swift */,
			);
			path = Items;
			sourceTree = "<group>";
		};
		DCBDC1E326B2FC1F00FB0B96 /* Helper */ = {
			isa = PBXGroup;
			children = (
				DCC8799426B69BF1009772DE /* Typealias.swift */,
				DC50941E26B5329D00B03A3D /* PresentViewController.swift */,
				DCBDC21A26B2FD7400FB0B96 /* ReusableView.swift */,
			);
			path = Helper;
			sourceTree = "<group>";
		};
		DCBDC1E426B2FC2B00FB0B96 /* Base  */ = {
			isa = PBXGroup;
			children = (
				DC1FDA6626B5A9CF00DAB585 /* BaseUICollectionViewCell.swift */,
				DC1FDA6426B5A9CB00DAB585 /* BaseUITableViewCell.swift */,
				DCBDC1E526B2FC3D00FB0B96 /* BaseViewController.swift */,
			);
			path = "Base ";
			sourceTree = "<group>";
		};
		DCBDC1E726B2FD5600FB0B96 /* Extensions */ = {
			isa = PBXGroup;
			children = (
				DCC879A826B6D2FF009772DE /* UIColor+HEX.h */,
				DCC879A926B6D302009772DE /* UIColor+HEX.m */,
				DCBDC1F126B2FD5600FB0B96 /* String+Extension.swift */,
				DCBDC1F226B2FD5600FB0B96 /* UIButton+Extension .swift */,
				DCBDC1F326B2FD5600FB0B96 /* UICollectionView+Extension.swift */,
				DCBDC1F726B2FD5600FB0B96 /* UILabel+Extension.swift */,
				DCBDC1FA26B2FD5600FB0B96 /* UITableView+Extension.swift */,
				DC7DFA7B26B45EA0005F512F /* UIView+Extension.swift */,
				DCBDC1FE26B2FD5600FB0B96 /* UIViewController.swift */,
				DC01550B26BB171100E10802 /* UIFont+Extension.swift */,
			);
			path = Extensions;
			sourceTree = "<group>";
		};
		DCC8799626B69CB2009772DE /* Image Viewer */ = {
			isa = PBXGroup;
			children = (
				DCC8799926B69DDA009772DE /* Cell */,
				DCC8799726B69CCF009772DE /* ImageViewerViewController.swift */,
			);
			path = "Image Viewer";
			sourceTree = "<group>";
		};
		DCC8799926B69DDA009772DE /* Cell */ = {
			isa = PBXGroup;
			children = (
				DCC8799A26B69DE1009772DE /* ImageViewerCell.swift */,
			);
			path = Cell;
			sourceTree = "<group>";
		};
		DCC8799E26B6C355009772DE /* Settings */ = {
			isa = PBXGroup;
			children = (
				DCC879A426B6CEAA009772DE /* Cell */,
				DCC879A026B6C3BA009772DE /* RSSettingsViewController.h */,
				DCC879A126B6C3BA009772DE /* RSSettingsViewController.m */,
				DCC8799F26B6C3BA009772DE /* RSSchool_T9-Bridging-Header.h */,
			);
			path = Settings;
			sourceTree = "<group>";
		};
		DCC879A426B6CEAA009772DE /* Cell */ = {
			isa = PBXGroup;
			children = (
				DCC879A526B6CECE009772DE /* RSSubtitleTableViewCell.h */,
				DCC879A626B6CECE009772DE /* RSSubtitleTableViewCell.m */,
			);
			path = Cell;
			sourceTree = "<group>";
		};
/* End PBXGroup section */

/* Begin PBXNativeTarget section */
		2BB9E75726AB605700112651 /* RSSchool_T9 */ = {
			isa = PBXNativeTarget;
			buildConfigurationList = 2BB9E76C26AB605900112651 /* Build configuration list for PBXNativeTarget "RSSchool_T9" */;
			buildPhases = (
				2BB9E75426AB605700112651 /* Sources */,
				2BB9E75526AB605700112651 /* Frameworks */,
				2BB9E75626AB605700112651 /* Resources */,
			);
			buildRules = (
			);
			dependencies = (
			);
			name = RSSchool_T9;
			productName = RSSchool_T9;
			productReference = 2BB9E75826AB605700112651 /* RSSchool_T9.app */;
			productType = "com.apple.product-type.application";
		};
/* End PBXNativeTarget section */

/* Begin PBXProject section */
		2BB9E75026AB605700112651 /* Project object */ = {
			isa = PBXProject;
			attributes = {
				CLASSPREFIX = RS;
				LastSwiftUpdateCheck = 1250;
				LastUpgradeCheck = 1250;
				ORGANIZATIONNAME = RSSchool;
				TargetAttributes = {
					2BB9E75726AB605700112651 = {
						CreatedOnToolsVersion = 12.5.1;
						LastSwiftMigration = 1250;
					};
				};
			};
			buildConfigurationList = 2BB9E75326AB605700112651 /* Build configuration list for PBXProject "RSSchool_T9" */;
			compatibilityVersion = "Xcode 9.3";
			developmentRegion = en;
			hasScannedForEncodings = 0;
			knownRegions = (
				en,
				Base,
			);
			mainGroup = 2BB9E74F26AB605700112651;
			productRefGroup = 2BB9E75926AB605700112651 /* Products */;
			projectDirPath = "";
			projectRoot = "";
			targets = (
				2BB9E75726AB605700112651 /* RSSchool_T9 */,
			);
		};
/* End PBXProject section */

/* Begin PBXResourcesBuildPhase section */
		2BB9E75626AB605700112651 /* Resources */ = {
			isa = PBXResourcesBuildPhase;
			buildActionMask = 2147483647;
			files = (
				2BB9E76826AB605900112651 /* LaunchScreen.storyboard in Resources */,
				2BB9F30726AF5D9D00F43852 /* s3-text.txt in Resources */,
				2BB9F30926AF5DAF00F43852 /* s3-title.txt in Resources */,
				2BB9F31226AF5FBE00F43852 /* s4-title.txt in Resources */,
				2BB9F29526AE01A300F43852 /* s1-title.txt in Resources */,
				2BB9F31026AF5FB300F43852 /* s4-text.txt in Resources */,
				DC91A69A26B9CACF0004918C /* s6-text.txt in Resources */,
				2BB9F2FE26AF556600F43852 /* s2-title.txt in Resources */,
				2BB9E76526AB605900112651 /* Assets.xcassets in Resources */,
				DC91A69C26B9CAED0004918C /* s6-title.txt in Resources */,
				2BB9F30226AF57B500F43852 /* s2-text.txt in Resources */,
				DC91A69326B9C2170004918C /* s5-text.txt in Resources */,
				DC91A69526B9C23D0004918C /* s5-title.txt in Resources */,
				2BB9F29726AE01B800F43852 /* s1-text.txt in Resources */,
				DCACC1B626B6D6C500E54BFE /* colors.json in Resources */,
			);
			runOnlyForDeploymentPostprocessing = 0;
		};
/* End PBXResourcesBuildPhase section */

/* Begin PBXSourcesBuildPhase section */
		2BB9E75426AB605700112651 /* Sources */ = {
			isa = PBXSourcesBuildPhase;
			buildActionMask = 2147483647;
			files = (
				DCC8799D26B6A88B009772DE /* StoryCollectionCell.swift in Sources */,
				DCACC1B426B6D61700E54BFE /* RSSettingsColorViewController.m in Sources */,
				DC1FDA5D26B5A3FE00DAB585 /* CustomStackView.swift in Sources */,
				DCBDC20A26B2FD5600FB0B96 /* String+Extension.swift in Sources */,
				2BB9F30126AF557E00F43852 /* story-2-path.swift in Sources */,
				DCBDC20B26B2FD5600FB0B96 /* UIButton+Extension .swift in Sources */,
				2BB9E75C26AB605700112651 /* AppDelegate.swift in Sources */,
				DCBDC21726B2FD5600FB0B96 /* UIViewController.swift in Sources */,
				DC50941D26B5325600B03A3D /* GalleryViewController.swift in Sources */,
				DC50942626B552DB00B03A3D /* CustomImageViewGradient.swift in Sources */,
				DCACC1BA26B6D77900E54BFE /* ColorsModel.m in Sources */,
				DC1FDA6026B5A6B100DAB585 /* TabBarController.swift in Sources */,
				2BB9F30B26AF5EEC00F43852 /* story-3-path.swift in Sources */,
				DC50941F26B5329D00B03A3D /* PresentViewController.swift in Sources */,
				DC1FDA6526B5A9CB00DAB585 /* BaseUITableViewCell.swift in Sources */,
				DCC879A226B6C3BA009772DE /* RSSettingsViewController.m in Sources */,
				DCC879A726B6CECE009772DE /* RSSubtitleTableViewCell.m in Sources */,
				DCBDC21026B2FD5600FB0B96 /* UILabel+Extension.swift in Sources */,
				DCC8799526B69BF1009772DE /* Typealias.swift in Sources */,
				DC18FFB726C97AD0007C11A6 /* CustomTypeLabel.swift in Sources */,
				DC18FFB526C97624007C11A6 /* StoryViewController.swift in Sources */,
				DC01550C26BB171100E10802 /* UIFont+Extension.swift in Sources */,
				DCC8799B26B69DE1009772DE /* ImageViewerCell.swift in Sources */,
				DC91A69E26B9CB390004918C /* story-6-path.swift in Sources */,
				DC7DFA7A26B45A96005F512F /* ItemsCollectionCell.swift in Sources */,
				DCC8799826B69CCF009772DE /* ImageViewerViewController.swift in Sources */,
				2BB9F29126ADFAF100F43852 /* Data.swift in Sources */,
				DCC879AA26B6D302009772DE /* UIColor+HEX.m in Sources */,
				DCBDC21B26B2FD7400FB0B96 /* ReusableView.swift in Sources */,
				DC18FFB226C97079007C11A6 /* ItemsDetailViewController.swift in Sources */,
				DCBDC20C26B2FD5600FB0B96 /* UICollectionView+Extension.swift in Sources */,
				DC7DFA7C26B45EA0005F512F /* UIView+Extension.swift in Sources */,
				2BB9F2EC26AF1F6200F43852 /* story-1-path.swift in Sources */,
				DCBDC21326B2FD5600FB0B96 /* UITableView+Extension.swift in Sources */,
				DCBDC1E626B2FC3D00FB0B96 /* BaseViewController.swift in Sources */,
				DC91A69726B9C25A0004918C /* story-5-path.swift in Sources */,
				DCBDC1E226B2FA6D00FB0B96 /* ItemsViewController.swift in Sources */,
				DC1FDA6726B5A9CF00DAB585 /* BaseUICollectionViewCell.swift in Sources */,
				2BB9F30E26AF5FA900F43852 /* story-4-path.swift in Sources */,
				2BB9E75E26AB605700112651 /* SceneDelegate.swift in Sources */,
			);
			runOnlyForDeploymentPostprocessing = 0;
		};
/* End PBXSourcesBuildPhase section */

/* Begin PBXVariantGroup section */
		2BB9E76626AB605900112651 /* LaunchScreen.storyboard */ = {
			isa = PBXVariantGroup;
			children = (
				2BB9E76726AB605900112651 /* Base */,
			);
			name = LaunchScreen.storyboard;
			sourceTree = "<group>";
		};
/* End PBXVariantGroup section */

/* Begin XCBuildConfiguration section */
		2BB9E76A26AB605900112651 /* Debug */ = {
			isa = XCBuildConfiguration;
			buildSettings = {
				ALWAYS_SEARCH_USER_PATHS = NO;
				CLANG_ANALYZER_NONNULL = YES;
				CLANG_ANALYZER_NUMBER_OBJECT_CONVERSION = YES_AGGRESSIVE;
				CLANG_CXX_LANGUAGE_STANDARD = "gnu++14";
				CLANG_CXX_LIBRARY = "libc++";
				CLANG_ENABLE_MODULES = YES;
				CLANG_ENABLE_OBJC_ARC = YES;
				CLANG_ENABLE_OBJC_WEAK = YES;
				CLANG_WARN_BLOCK_CAPTURE_AUTORELEASING = YES;
				CLANG_WARN_BOOL_CONVERSION = YES;
				CLANG_WARN_COMMA = YES;
				CLANG_WARN_CONSTANT_CONVERSION = YES;
				CLANG_WARN_DEPRECATED_OBJC_IMPLEMENTATIONS = YES;
				CLANG_WARN_DIRECT_OBJC_ISA_USAGE = YES_ERROR;
				CLANG_WARN_DOCUMENTATION_COMMENTS = YES;
				CLANG_WARN_EMPTY_BODY = YES;
				CLANG_WARN_ENUM_CONVERSION = YES;
				CLANG_WARN_INFINITE_RECURSION = YES;
				CLANG_WARN_INT_CONVERSION = YES;
				CLANG_WARN_NON_LITERAL_NULL_CONVERSION = YES;
				CLANG_WARN_OBJC_IMPLICIT_RETAIN_SELF = YES;
				CLANG_WARN_OBJC_LITERAL_CONVERSION = YES;
				CLANG_WARN_OBJC_ROOT_CLASS = YES_ERROR;
				CLANG_WARN_QUOTED_INCLUDE_IN_FRAMEWORK_HEADER = YES;
				CLANG_WARN_RANGE_LOOP_ANALYSIS = YES;
				CLANG_WARN_STRICT_PROTOTYPES = YES;
				CLANG_WARN_SUSPICIOUS_MOVE = YES;
				CLANG_WARN_UNGUARDED_AVAILABILITY = YES_AGGRESSIVE;
				CLANG_WARN_UNREACHABLE_CODE = YES;
				CLANG_WARN__DUPLICATE_METHOD_MATCH = YES;
				COPY_PHASE_STRIP = NO;
				DEBUG_INFORMATION_FORMAT = dwarf;
				ENABLE_STRICT_OBJC_MSGSEND = YES;
				ENABLE_TESTABILITY = YES;
				GCC_C_LANGUAGE_STANDARD = gnu11;
				GCC_DYNAMIC_NO_PIC = NO;
				GCC_NO_COMMON_BLOCKS = YES;
				GCC_OPTIMIZATION_LEVEL = 0;
				GCC_PREPROCESSOR_DEFINITIONS = (
					"DEBUG=1",
					"$(inherited)",
				);
				GCC_WARN_64_TO_32_BIT_CONVERSION = YES;
				GCC_WARN_ABOUT_RETURN_TYPE = YES_ERROR;
				GCC_WARN_UNDECLARED_SELECTOR = YES;
				GCC_WARN_UNINITIALIZED_AUTOS = YES_AGGRESSIVE;
				GCC_WARN_UNUSED_FUNCTION = YES;
				GCC_WARN_UNUSED_VARIABLE = YES;
				IPHONEOS_DEPLOYMENT_TARGET = 14.5;
				MTL_ENABLE_DEBUG_INFO = INCLUDE_SOURCE;
				MTL_FAST_MATH = YES;
				ONLY_ACTIVE_ARCH = YES;
				SDKROOT = iphoneos;
				SWIFT_ACTIVE_COMPILATION_CONDITIONS = DEBUG;
				SWIFT_OPTIMIZATION_LEVEL = "-Onone";
			};
			name = Debug;
		};
		2BB9E76B26AB605900112651 /* Release */ = {
			isa = XCBuildConfiguration;
			buildSettings = {
				ALWAYS_SEARCH_USER_PATHS = NO;
				CLANG_ANALYZER_NONNULL = YES;
				CLANG_ANALYZER_NUMBER_OBJECT_CONVERSION = YES_AGGRESSIVE;
				CLANG_CXX_LANGUAGE_STANDARD = "gnu++14";
				CLANG_CXX_LIBRARY = "libc++";
				CLANG_ENABLE_MODULES = YES;
				CLANG_ENABLE_OBJC_ARC = YES;
				CLANG_ENABLE_OBJC_WEAK = YES;
				CLANG_WARN_BLOCK_CAPTURE_AUTORELEASING = YES;
				CLANG_WARN_BOOL_CONVERSION = YES;
				CLANG_WARN_COMMA = YES;
				CLANG_WARN_CONSTANT_CONVERSION = YES;
				CLANG_WARN_DEPRECATED_OBJC_IMPLEMENTATIONS = YES;
				CLANG_WARN_DIRECT_OBJC_ISA_USAGE = YES_ERROR;
				CLANG_WARN_DOCUMENTATION_COMMENTS = YES;
				CLANG_WARN_EMPTY_BODY = YES;
				CLANG_WARN_ENUM_CONVERSION = YES;
				CLANG_WARN_INFINITE_RECURSION = YES;
				CLANG_WARN_INT_CONVERSION = YES;
				CLANG_WARN_NON_LITERAL_NULL_CONVERSION = YES;
				CLANG_WARN_OBJC_IMPLICIT_RETAIN_SELF = YES;
				CLANG_WARN_OBJC_LITERAL_CONVERSION = YES;
				CLANG_WARN_OBJC_ROOT_CLASS = YES_ERROR;
				CLANG_WARN_QUOTED_INCLUDE_IN_FRAMEWORK_HEADER = YES;
				CLANG_WARN_RANGE_LOOP_ANALYSIS = YES;
				CLANG_WARN_STRICT_PROTOTYPES = YES;
				CLANG_WARN_SUSPICIOUS_MOVE = YES;
				CLANG_WARN_UNGUARDED_AVAILABILITY = YES_AGGRESSIVE;
				CLANG_WARN_UNREACHABLE_CODE = YES;
				CLANG_WARN__DUPLICATE_METHOD_MATCH = YES;
				COPY_PHASE_STRIP = NO;
				DEBUG_INFORMATION_FORMAT = "dwarf-with-dsym";
				ENABLE_NS_ASSERTIONS = NO;
				ENABLE_STRICT_OBJC_MSGSEND = YES;
				GCC_C_LANGUAGE_STANDARD = gnu11;
				GCC_NO_COMMON_BLOCKS = YES;
				GCC_WARN_64_TO_32_BIT_CONVERSION = YES;
				GCC_WARN_ABOUT_RETURN_TYPE = YES_ERROR;
				GCC_WARN_UNDECLARED_SELECTOR = YES;
				GCC_WARN_UNINITIALIZED_AUTOS = YES_AGGRESSIVE;
				GCC_WARN_UNUSED_FUNCTION = YES;
				GCC_WARN_UNUSED_VARIABLE = YES;
				IPHONEOS_DEPLOYMENT_TARGET = 14.5;
				MTL_ENABLE_DEBUG_INFO = NO;
				MTL_FAST_MATH = YES;
				SDKROOT = iphoneos;
				SWIFT_COMPILATION_MODE = wholemodule;
				SWIFT_OPTIMIZATION_LEVEL = "-O";
				VALIDATE_PRODUCT = YES;
			};
			name = Release;
		};
		2BB9E76D26AB605900112651 /* Debug */ = {
			isa = XCBuildConfiguration;
			buildSettings = {
				ASSETCATALOG_COMPILER_APPICON_NAME = AppIcon;
				ASSETCATALOG_COMPILER_GLOBAL_ACCENT_COLOR_NAME = AccentColor;
				CLANG_ENABLE_MODULES = YES;
				CODE_SIGN_STYLE = Automatic;
				INFOPLIST_FILE = RSSchool_T9/Resources/Info.plist;
				IPHONEOS_DEPLOYMENT_TARGET = 13.0;
				LD_RUNPATH_SEARCH_PATHS = (
					"$(inherited)",
					"@executable_path/Frameworks",
				);
				PRODUCT_BUNDLE_IDENTIFIER = "com.username.RSSchool-T9";
				PRODUCT_NAME = "$(TARGET_NAME)";
				SWIFT_OBJC_BRIDGING_HEADER = "RSSchool_T9/Sources/Screens/Settings/RSSchool_T9-Bridging-Header.h";
				SWIFT_OPTIMIZATION_LEVEL = "-Onone";
				SWIFT_VERSION = 5.0;
				TARGETED_DEVICE_FAMILY = 1;
			};
			name = Debug;
		};
		2BB9E76E26AB605900112651 /* Release */ = {
			isa = XCBuildConfiguration;
			buildSettings = {
				ASSETCATALOG_COMPILER_APPICON_NAME = AppIcon;
				ASSETCATALOG_COMPILER_GLOBAL_ACCENT_COLOR_NAME = AccentColor;
				CLANG_ENABLE_MODULES = YES;
				CODE_SIGN_STYLE = Automatic;
				INFOPLIST_FILE = RSSchool_T9/Resources/Info.plist;
				IPHONEOS_DEPLOYMENT_TARGET = 13.0;
				LD_RUNPATH_SEARCH_PATHS = (
					"$(inherited)",
					"@executable_path/Frameworks",
				);
				PRODUCT_BUNDLE_IDENTIFIER = "com.username.RSSchool-T9";
				PRODUCT_NAME = "$(TARGET_NAME)";
				SWIFT_OBJC_BRIDGING_HEADER = "RSSchool_T9/Sources/Screens/Settings/RSSchool_T9-Bridging-Header.h";
				SWIFT_VERSION = 5.0;
				TARGETED_DEVICE_FAMILY = 1;
			};
			name = Release;
		};
/* End XCBuildConfiguration section */

/* Begin XCConfigurationList section */
		2BB9E75326AB605700112651 /* Build configuration list for PBXProject "RSSchool_T9" */ = {
			isa = XCConfigurationList;
			buildConfigurations = (
				2BB9E76A26AB605900112651 /* Debug */,
				2BB9E76B26AB605900112651 /* Release */,
			);
			defaultConfigurationIsVisible = 0;
			defaultConfigurationName = Release;
		};
		2BB9E76C26AB605900112651 /* Build configuration list for PBXNativeTarget "RSSchool_T9" */ = {
			isa = XCConfigurationList;
			buildConfigurations = (
				2BB9E76D26AB605900112651 /* Debug */,
				2BB9E76E26AB605900112651 /* Release */,
			);
			defaultConfigurationIsVisible = 0;
			defaultConfigurationName = Release;
		};
/* End XCConfigurationList section */
	};
	rootObject = 2BB9E75026AB605700112651 /* Project object */;
}
